{
  "name": "aoi-functions",
  "version": "1.0.0",
  "lockfileVersion": 3,
  "requires": true,
  "packages": {
    "": {
      "name": "aoi-functions",
      "version": "1.0.0",
      "dependencies": {
        "@aws-sdk/client-ssm": "^3.0.0",
        "@google-cloud/firestore": "^7.0.0",
        "@google-cloud/functions-framework": "^3.0.0",
        "@line/bot-sdk": "^10.6.0",
        "google-auth-library": "^9.0.0"
      },
      "devDependencies": {
        "@types/node": "^22.15.29",
        "typescript": "^5.0.0",
        "vitest": "^4.1.10"
      }
    },
    "../node_modules/.pnpm/@aws-sdk+client-ssm@3.1029.0/node_modules/@aws-sdk/client-ssm": {
      "version": "3.1029.0",
      "license": "Apache-2.0",
      "dependencies": {
        "@aws-crypto/sha256-browser": "5.2.0",
        "@aws-crypto/sha256-js": "5.2.0",
        "@aws-sdk/core": "^3.973.27",
        "@aws-sdk/credential-provider-node": "^3.972.30",
        "@aws-sdk/middleware-host-header": "^3.972.9",
        "@aws-sdk/middleware-logger": "^3.972.9",
        "@aws-sdk/middleware-recursion-detection": "^3.972.10",
        "@aws-sdk/middleware-user-agent": "^3.972.29",
        "@aws-sdk/region-config-resolver": "^3.972.11",
        "@aws-sdk/types": "^3.973.7",
        "@aws-sdk/util-endpoints": "^3.996.6",
        "@aws-sdk/util-user-agent-browser": "^3.972.9",
        "@aws-sdk/util-user-agent-node": "^3.973.15",
        "@smithy/config-resolver": "^4.4.14",
        "@smithy/core": "^3.23.14",
        "@smithy/fetch-http-handler": "^5.3.16",
        "@smithy/hash-node": "^4.2.13",
        "@smithy/invalid-dependency": "^4.2.13",
        "@smithy/middleware-content-length": "^4.2.13",
        "@smithy/middleware-endpoint": "^4.4.29",
        "@smithy/middleware-retry": "^4.5.0",
        "@smithy/middleware-serde": "^4.2.17",
        "@smithy/middleware-stack": "^4.2.13",
        "@smithy/node-config-provider": "^4.3.13",
        "@smithy/node-http-handler": "^4.5.2",
        "@smithy/protocol-http": "^5.3.13",
        "@smithy/smithy-client": "^4.12.9",
        "@smithy/types": "^4.14.0",
        "@smithy/url-parser": "^4.2.13",
        "@smithy/util-base64": "^4.3.2",
        "@smithy/util-body-length-browser": "^4.2.2",
        "@smithy/util-body-length-node": "^4.2.3",
        "@smithy/util-defaults-mode-browser": "^4.3.45",
        "@smithy/util-defaults-mode-node": "^4.2.49",
        "@smithy/util-endpoints": "^3.3.4",
        "@smithy/util-middleware": "^4.2.13",
        "@smithy/util-retry": "^4.3.0",
        "@smithy/util-utf8": "^4.2.2",
        "@smithy/util-waiter": "^4.2.15",
        "tslib": "^2.6.2"
      },
      "devDependencies": {
        "@tsconfig/node20": "20.1.8",
        "@types/node": "^20.14.8",
        "concurrently": "7.0.0",
        "downlevel-dts": "0.10.1",
        "premove": "4.0.0",
        "typescript": "~5.8.3"
      },
      "engines": {
        "node": ">=20.0.0"
      }
    },
    "../node_modules/.pnpm/@google-cloud+firestore@7.11.6/node_modules/@google-cloud/firestore": {
      "version": "7.11.6",
      "license": "Apache-2.0",
      "dependencies": {
        "@opentelemetry/api": "^1.3.0",
        "fast-deep-equal": "^3.1.1",
        "functional-red-black-tree": "^1.0.1",
        "google-gax": "^4.3.3",
        "protobufjs": "^7.2.6"
      },
      "devDependencies": {
        "@google-cloud/cloud-rad": "^0.4.0",
        "@google-cloud/opentelemetry-cloud-trace-exporter": "^2.0.0",
        "@google-cloud/promisify": "legacy-14",
        "@google-cloud/trace-agent": "^8.0.0",
        "@googleapis/cloudtrace": "^1.1.2",
        "@opentelemetry/context-async-hooks": "^1.24.1",
        "@opentelemetry/sdk-trace-node": "^1.24.1",
        "@types/assert": "^1.4.0",
        "@types/chai": "^4.2.7",
        "@types/chai-as-promised": "^7.1.2",
        "@types/duplexify": "^3.5.0",
        "@types/extend": "^3.0.0",
        "@types/mocha": "^9.0.0",
        "@types/node": "^22.0.0",
        "@types/sinon": "^17.0.0",
        "@types/through2": "^2.0.34",
        "c8": "^9.0.0",
        "chai": "^4.1.2",
        "chai-as-promised": "^7.1.1",
        "codecov": "^3.6.1",
        "duplexify": "^4.0.0",
        "execa": "^5.1.1",
        "extend": "^3.0.2",
        "fs-extra": "10.1.0",
        "gapic-tools": "^0.4.0",
        "gts": "^5.0.1",
        "jsdoc": "^4.0.0",
        "jsdoc-fresh": "^3.0.0",
        "jsdoc-region-tag": "^3.0.0",
        "length-prefixed-json-stream": "^1.0.1",
        "linkinator": "^3.0.0",
        "mkdirp": "^3.0.0",
        "mocha": "^9.2.2",
        "nise": "6.0.0",
        "path-to-regexp": "^6.0.0",
        "protobufjs-cli": "^1.1.2",
        "proxyquire": "^2.1.3",
        "sinon": "^18.0.0",
        "through2": "^4.0.0",
        "ts-node": "^10.0.0",
        "typescript": "^5.2.2"
      },
      "engines": {
        "node": ">=14.0.0"
      }
    },
    "../node_modules/.pnpm/@google-cloud+functions-framework@3.5.1/node_modules/@google-cloud/functions-framework": {
      "version": "3.5.1",
      "license": "Apache-2.0",
      "dependencies": {
        "@types/express": "^4.17.21",
        "body-parser": "^1.18.3",
        "cloudevents": "^8.0.2",
        "express": "^4.21.2",
        "minimist": "^1.2.8",
        "on-finished": "^2.3.0",
        "read-pkg-up": "^7.0.1",
        "semver": "^7.6.3"
      },
      "bin": {
        "functions-framework": "build/src/main.js",
        "functions-framework-nodejs": "build/src/main.js"
      },
      "devDependencies": {
        "@microsoft/api-extractor": "^7.48.0",
        "@types/body-parser": "1.19.5",
        "@types/minimist": "1.2.5",
        "@types/mocha": "^10.0.0",
        "@types/node": "^22.10.1",
        "@types/on-finished": "2.3.4",
        "@types/semver": "^7.5.8",
        "@types/sinon": "^17.0.3",
        "@types/supertest": "6.0.2",
        "gts": "5.3.1",
        "mocha": "^9.2.2",
        "nise": "5.1.4",
        "pack-n-play": "2.0.0",
        "sinon": "15.0.1",
        "supertest": "^6.3.4",
        "typescript": "5.0.3"
      },
      "engines": {
        "node": ">=10.0.0"
      }
    },
    "../node_modules/.pnpm/@line+bot-sdk@10.8.0/node_modules/@line/bot-sdk": {
      "version": "10.8.0",
      "license": "Apache-2.0",
      "dependencies": {
        "@types/node": "^24.0.0"
      },
      "devDependencies": {
        "@arethetypeswrong/cli": "0.18.2",
        "@types/express": "5.0.6",
        "@types/finalhandler": "1.2.4",
        "@vitest/coverage-v8": "^3.0.0",
        "express": "5.2.1",
        "finalhandler": "2.1.1",
        "husky": "9.1.7",
        "msw": "2.12.14",
        "prettier": "3.8.1",
        "publint": "0.3.18",
        "typedoc": "^0.28.14",
        "typedoc-plugin-markdown": "^4.3.0",
        "typescript": "^5.5.4",
        "vitepress": "^1.0.1",
        "vitest": "^3.0.0"
      },
      "engines": {
        "node": ">=20"
      },
      "optionalDependencies": {
        "axios": "^1.7.4"
      }
    },
    "../node_modules/.pnpm/@types+node@22.19.17/node_modules/@types/node": {
      "version": "22.19.17",
      "dev": true,
      "license": "MIT",
      "dependencies": {
        "undici-types": "~6.21.0"
      }
    },
    "../node_modules/.pnpm/google-auth-library@9.15.1/node_modules/google-auth-library": {
      "version": "9.15.1",
      "license": "Apache-2.0",
      "dependencies": {
        "base64-js": "^1.3.0",
        "ecdsa-sig-formatter": "^1.0.11",
        "gaxios": "^6.1.1",
        "gcp-metadata": "^6.1.0",
        "gtoken": "^7.0.0",
        "jws": "^4.0.0"
      },
      "devDependencies": {
        "@types/base64-js": "^1.2.5",
        "@types/chai": "^4.1.7",
        "@types/jws": "^3.1.0",
        "@types/mocha": "^9.0.0",
        "@types/mv": "^2.1.0",
        "@types/ncp": "^2.0.1",
        "@types/node": "^20.4.2",
        "@types/sinon": "^17.0.0",
        "assert-rejects": "^1.0.0",
        "c8": "^8.0.0",
        "chai": "^4.2.0",
        "cheerio": "1.0.0-rc.12",
        "codecov": "^3.0.2",
        "engine.io": "6.6.2",
        "gts": "^5.0.0",
        "is-docker": "^2.0.0",
        "jsdoc": "^4.0.0",
        "jsdoc-fresh": "^3.0.0",
        "jsdoc-region-tag": "^3.0.0",
        "karma": "^6.0.0",
        "karma-chrome-launcher": "^3.0.0",
        "karma-coverage": "^2.0.0",
        "karma-firefox-launcher": "^2.0.0",
        "karma-mocha": "^2.0.0",
        "karma-sourcemap-loader": "^0.4.0",
        "karma-webpack": "5.0.0",
        "keypair": "^1.0.4",
        "linkinator": "^4.0.0",
        "mocha": "^9.2.2",
        "mv": "^2.1.1",
        "ncp": "^2.0.0",
        "nock": "^13.0.0",
        "null-loader": "^4.0.0",
        "pdfmake": "0.2.12",
        "puppeteer": "^21.0.0",
        "sinon": "^18.0.0",
        "ts-loader": "^8.0.0",
        "typescript": "^5.1.6",
        "webpack": "^5.21.2",
        "webpack-cli": "^4.0.0"
      },
      "engines": {
        "node": ">=14"
      }
    },
    "../node_modules/.pnpm/typescript@5.9.3/node_modules/typescript": {
      "version": "5.9.3",
      "dev": true,
      "license": "Apache-2.0",
      "bin": {
        "tsc": "bin/tsc",
        "tsserver": "bin/tsserver"
      },
      "devDependencies": {
        "@dprint/formatter": "^0.4.1",
        "@dprint/typescript": "0.93.4",
        "@esfx/canceltoken": "^1.0.0",
        "@eslint/js": "^9.20.0",
        "@octokit/rest": "^21.1.1",
        "@types/chai": "^4.3.20",
        "@types/diff": "^7.0.1",
        "@types/minimist": "^1.2.5",
        "@types/mocha": "^10.0.10",
        "@types/ms": "^0.7.34",
        "@types/node": "latest",
        "@types/source-map-support": "^0.5.10",
        "@types/which": "^3.0.4",
        "@typescript-eslint/rule-tester": "^8.24.1",
        "@typescript-eslint/type-utils": "^8.24.1",
        "@typescript-eslint/utils": "^8.24.1",
        "azure-devops-node-api": "^14.1.0",
        "c8": "^10.1.3",
        "chai": "^4.5.0",
        "chokidar": "^4.0.3",
        "diff": "^7.0.0",
        "dprint": "^0.49.0",
        "esbuild": "^0.25.0",
        "eslint": "^9.20.1",
        "eslint-formatter-autolinkable-stylish": "^1.4.0",
        "eslint-plugin-regexp": "^2.7.0",
        "fast-xml-parser": "^4.5.2",
        "glob": "^10.4.5",
        "globals": "^15.15.0",
        "hereby": "^1.10.0",
        "jsonc-parser": "^3.3.1",
        "knip": "^5.44.4",
        "minimist": "^1.2.8",
        "mocha": "^10.8.2",
        "mocha-fivemat-progress-reporter": "^0.1.0",
        "monocart-coverage-reports": "^2.12.1",
        "ms": "^2.1.3",
        "picocolors": "^1.1.1",
        "playwright": "^1.50.1",
        "source-map-support": "^0.5.21",
        "tslib": "^2.8.1",
        "typescript": "^5.7.3",
        "typescript-eslint": "^8.24.1",
        "which": "^3.0.1"
      },
      "engines": {
        "node": ">=14.17"
      }
    },
    "../node_modules/.pnpm/vitest@4.1.10_@opentelemetr_18ab5eb1fa6d23ff950e5a54332e5c5b/node_modules/vitest": {
      "version": "4.1.10",
      "dev": true,
      "license": "MIT",
      "dependencies": {
        "@vitest/expect": "4.1.10",
        "@vitest/mocker": "4.1.10",
        "@vitest/pretty-format": "4.1.10",
        "@vitest/runner": "4.1.10",
        "@vitest/snapshot": "4.1.10",
        "@vitest/spy": "4.1.10",
        "@vitest/utils": "4.1.10",
        "es-module-lexer": "^2.0.0",
        "expect-type": "^1.3.0",
        "magic-string": "^0.30.21",
        "obug": "^2.1.1",
        "pathe": "^2.0.3",
        "picomatch": "^4.0.3",
        "std-env": "^4.0.0-rc.1",
        "tinybench": "^2.9.0",
        "tinyexec": "^1.0.2",
        "tinyglobby": "^0.2.15",
        "tinyrainbow": "^3.1.0",
        "vite": "^6.0.0 || ^7.0.0 || ^8.0.0",
        "why-is-node-running": "^2.3.0"
      },
      "bin": {
        "vitest": "vitest.mjs"
      },
      "devDependencies": {
        "@antfu/install-pkg": "^1.1.0",
        "@bomb.sh/tab": "^0.0.14",
        "@edge-runtime/vm": "^5.0.0",
        "@jridgewell/trace-mapping": "0.3.31",
        "@opentelemetry/api": "^1.9.0",
        "@sinonjs/fake-timers": "15.0.0",
        "@types/estree": "^1.0.8",
        "@types/istanbul-lib-coverage": "^2.0.6",
        "@types/istanbul-reports": "^3.0.4",
        "@types/jsdom": "^27.0.0",
        "@types/node": "^24.12.0",
        "@types/picomatch": "^4.0.2",
        "@types/prompts": "^2.4.9",
        "@types/sinonjs__fake-timers": "^15.0.1",
        "acorn": "8.11.3",
        "acorn-walk": "^8.3.5",
        "birpc": "^4.0.0",
        "cac": "^6.7.14",
        "empathic": "^2.0.0",
        "flatted": "^3.4.2",
        "happy-dom": "^20.8.3",
        "jsdom": "^27.4.0",
        "local-pkg": "^1.1.2",
        "mime": "^4.1.0",
        "prompts": "^2.4.2",
        "strip-literal": "^3.1.0",
        "tinyhighlight": "^0.3.2",
        "ws": "^8.19.0"
      },
      "engines": {
        "node": "^20.0.0 || ^22.0.0 || >=24.0.0"
      },
      "funding": {
        "url": "https://opencollective.com/vitest"
      },
      "peerDependencies": {
        "@edge-runtime/vm": "*",
        "@opentelemetry/api": "^1.9.0",
        "@types/node": "^20.0.0 || ^22.0.0 || >=24.0.0",
        "@vitest/browser-playwright": "4.1.10",
        "@vitest/browser-preview": "4.1.10",
        "@vitest/browser-webdriverio": "4.1.10",
        "@vitest/coverage-istanbul": "4.1.10",
        "@vitest/coverage-v8": "4.1.10",
        "@vitest/ui": "4.1.10",
        "happy-dom": "*",
        "jsdom": "*",
        "vite": "^6.0.0 || ^7.0.0 || ^8.0.0"
      },
      "peerDependenciesMeta": {
        "@edge-runtime/vm": {
          "optional": true
        },
        "@opentelemetry/api": {
          "optional": true
        },
        "@types/node": {
          "optional": true
        },
        "@vitest/browser-playwright": {
          "optional": true
        },
        "@vitest/browser-preview": {
          "optional": true
        },
        "@vitest/browser-webdriverio": {
          "optional": true
        },
        "@vitest/coverage-istanbul": {
          "optional": true
        },
        "@vitest/coverage-v8": {
          "optional": true
        },
        "@vitest/ui": {
          "optional": true
        },
        "happy-dom": {
          "optional": true
        },
        "jsdom": {
          "optional": true
        },
        "vite": {
          "optional": false
        }
      }
    },
    "node_modules/@aws-sdk/client-ssm": {
      "resolved": "../node_modules/.pnpm/@aws-sdk+client-ssm@3.1029.0/node_modules/@aws-sdk/client-ssm",
      "link": true
    },
    "node_modules/@google-cloud/firestore": {
      "resolved": "../node_modules/.pnpm/@google-cloud+firestore@7.11.6/node_modules/@google-cloud/firestore",
      "link": true
    },
    "node_modules/@google-cloud/functions-framework": {
      "resolved": "../node_modules/.pnpm/@google-cloud+functions-framework@3.5.1/node_modules/@google-cloud/functions-framework",
      "link": true
    },
    "node_modules/@line/bot-sdk": {
      "resolved": "../node_modules/.pnpm/@line+bot-sdk@10.8.0/node_modules/@line/bot-sdk",
      "link": true
    },
    "node_modules/@types/node": {
      "resolved": "../node_modules/.pnpm/@types+node@22.19.17/node_modules/@types/node",
      "link": true
    },
    "node_modules/google-auth-library": {
      "resolved": "../node_modules/.pnpm/google-auth-library@9.15.1/node_modules/google-auth-library",
      "link": true
    },
    "node_modules/typescript": {
      "resolved": "../node_modules/.pnpm/typescript@5.9.3/node_modules/typescript",
      "link": true
    },
    "node_modules/vitest": {
      "resolved": "../node_modules/.pnpm/vitest@4.1.10_@opentelemetr_18ab5eb1fa6d23ff950e5a54332e5c5b/node_modules/vitest",
      "link": true
    }
  }
}
